
Microsoft Visual Studio Solution File, Format Version 12.00
# Visual Studio Version 17
VisualStudioVersion = 17.4.33213.308
MinimumVisualStudioVersion = 10.0.40219.1
Project("{FAE04EC0-301F-11D3-BF4B-00C04F79EFBC}") = "ЛР4", "ЛР4\ЛР4.csproj", "{56CF116D-8605-402B-A075-1C0903717F68}"
EndProject
Global
	GlobalSection(SolutionConfigurationPlatforms) = preSolution
		Debug|Any CPU = Debug|Any CPU
		Release|Any CPU = Release|Any CPU
	EndGlobalSection
	GlobalSection(ProjectConfigurationPlatforms) = postSolution
		{56CF116D-8605-402B-A075-1C0903717F68}.Debug|Any CPU.ActiveCfg = Debug|Any CPU
		{56CF116D-8605-402B-A075-1C0903717F68}.Debug|Any CPU.Build.0 = Debug|Any CPU
		{56CF116D-8605-402B-A075-1C0903717F68}.Release|Any CPU.ActiveCfg = Release|Any CPU
		{56CF116D-8605-402B-A075-1C0903717F68}.Release|Any CPU.Build.0 = Release|Any CPU
	EndGlobalSection
	GlobalSection(SolutionProperties) = preSolution
		HideSolutionNode = FALSE
	EndGlobalSection
	GlobalSection(ExtensibilityGlobals) = postSolution
		SolutionGuid = {EEA8D545-5834-42D6-A3BB-1959B4C70E94}
	EndGlobalSection
EndGlobal
