
Microsoft Visual Studio Solution File, Format Version 12.00
# Visual Studio Version 17
VisualStudioVersion = 17.4.33103.184
MinimumVisualStudioVersion = 10.0.40219.1
Project("{FAE04EC0-301F-11D3-BF4B-00C04F79EFBC}") = "ЛР8", "ЛР8\ЛР8.csproj", "{72F98E61-102B-4B2C-A48B-39E442D46931}"
EndProject
Global
	GlobalSection(SolutionConfigurationPlatforms) = preSolution
		Debug|Any CPU = Debug|Any CPU
		Release|Any CPU = Release|Any CPU
	EndGlobalSection
	GlobalSection(ProjectConfigurationPlatforms) = postSolution
		{72F98E61-102B-4B2C-A48B-39E442D46931}.Debug|Any CPU.ActiveCfg = Debug|Any CPU
		{72F98E61-102B-4B2C-A48B-39E442D46931}.Debug|Any CPU.Build.0 = Debug|Any CPU
		{72F98E61-102B-4B2C-A48B-39E442D46931}.Release|Any CPU.ActiveCfg = Release|Any CPU
		{72F98E61-102B-4B2C-A48B-39E442D46931}.Release|Any CPU.Build.0 = Release|Any CPU
	EndGlobalSection
	GlobalSection(SolutionProperties) = preSolution
		HideSolutionNode = FALSE
	EndGlobalSection
	GlobalSection(ExtensibilityGlobals) = postSolution
		SolutionGuid = {F515E298-FD2E-41FD-A7F0-69D8BE3A3053}
	EndGlobalSection
EndGlobal
